# THIS IS AN AUTOGENERATED FILE. DO NOT EDIT THIS FILE DIRECTLY.
# yarn lockfile v1


apollo-link-http-common@^0.2.8:
  version "0.2.8"
  resolved "https://registry.yarnpkg.com/apollo-link-http-common/-/apollo-link-http-common-0.2.8.tgz#c6deedfc2739db8b11013c3c2d2ccd657152941f"
  dependencies:
    apollo-link "^1.2.6"

apollo-link-http@^1.5.9:
  version "1.5.9"
  resolved "https://registry.yarnpkg.com/apollo-link-http/-/apollo-link-http-1.5.9.tgz#9046f5640a94c8a8b508a39e0f2c628b781baecc"
  dependencies:
    apollo-link "^1.2.6"
    apollo-link-http-common "^0.2.8"

apollo-link@^1.2.6:
  version "1.2.6"
  resolved "https://registry.yarnpkg.com/apollo-link/-/apollo-link-1.2.6.tgz#d9b5676d79c01eb4e424b95c7171697f6ad2b8da"
  dependencies:
    apollo-utilities "^1.0.0"
    zen-observable-ts "^0.8.13"

apollo-utilities@^1.0.0:
  version "1.1.2"
  resolved "https://registry.yarnpkg.com/apollo-utilities/-/apollo-utilities-1.1.2.tgz#aa5eca9d1f1eb721c381a22e0dde03559d856db3"
  dependencies:
    fast-json-stable-stringify "^2.0.0"
    tslib "^1.9.3"

fast-json-stable-stringify@^2.0.0:
  version "2.0.0"
  resolved "https://registry.yarnpkg.com/fast-json-stable-stringify/-/fast-json-stable-stringify-2.0.0.tgz#d5142c0caee6b1189f87d3a76111064f86c8bbf2"

tslib@^1.9.3:
  version "1.9.3"
  resolved "https://registry.yarnpkg.com/tslib/-/tslib-1.9.3.tgz#d7e4dd79245d85428c4d7e4822a79917954ca286"

zen-observable-ts@^0.8.13:
  version "0.8.13"
  resolved "https://registry.yarnpkg.com/zen-observable-ts/-/zen-observable-ts-0.8.13.tgz#ae1fd77c84ef95510188b1f8bca579d7a5448fc2"
  dependencies:
    zen-observable "^0.8.0"

zen-observable@^0.8.0:
  version "0.8.13"
  resolved "https://registry.yarnpkg.com/zen-observable/-/zen-observable-0.8.13.tgz#a9f1b9dbdfd2d60a08761ceac6a861427d44ae2e"
